
Microsoft Visual Studio Solution File, Format Version 12.00
# Visual Studio Version 17
VisualStudioVersion = 17.9.34728.123
MinimumVisualStudioVersion = 10.0.40219.1
Project("{2150E333-8FDC-42A3-9474-1A3956D46DE8}") = "Core", "Core", "{6A33BC71-26D9-4C63-A439-5CB711049AAF}"
EndProject
Project("{2150E333-8FDC-42A3-9474-1A3956D46DE8}") = "Infrastructure", "Infrastructure", "{4D4E820C-2E87-486C-87EC-BC157BFCBCDC}"
EndProject
Project("{2150E333-8FDC-42A3-9474-1A3956D46DE8}") = "Presentation", "Presentation", "{94E9F17C-E95D-41B4-9B52-B7BD3AEA90A3}"
EndProject
Project("{FAE04EC0-301F-11D3-BF4B-00C04F79EFBC}") = "FonTech.Api", "FonTech.Api\FonTech.Api.csproj", "{0CCDC16B-B2BA-49CC-BB9C-2156832BB42E}"
EndProject
Global
	GlobalSection(SolutionConfigurationPlatforms) = preSolution
		Debug|Any CPU = Debug|Any CPU
		Release|Any CPU = Release|Any CPU
	EndGlobalSection
	GlobalSection(ProjectConfigurationPlatforms) = postSolution
		{0CCDC16B-B2BA-49CC-BB9C-2156832BB42E}.Debug|Any CPU.ActiveCfg = Debug|Any CPU
		{0CCDC16B-B2BA-49CC-BB9C-2156832BB42E}.Debug|Any CPU.Build.0 = Debug|Any CPU
		{0CCDC16B-B2BA-49CC-BB9C-2156832BB42E}.Release|Any CPU.ActiveCfg = Release|Any CPU
		{0CCDC16B-B2BA-49CC-BB9C-2156832BB42E}.Release|Any CPU.Build.0 = Release|Any CPU
	EndGlobalSection
	GlobalSection(SolutionProperties) = preSolution
		HideSolutionNode = FALSE
	EndGlobalSection
	GlobalSection(NestedProjects) = preSolution
		{0CCDC16B-B2BA-49CC-BB9C-2156832BB42E} = {94E9F17C-E95D-41B4-9B52-B7BD3AEA90A3}
	EndGlobalSection
	GlobalSection(ExtensibilityGlobals) = postSolution
		SolutionGuid = {6A948B77-ED03-4E2E-AF91-BC4592E91C3D}
	EndGlobalSection
EndGlobal
